{
    "_meta": {
        "hash": {
            "sha256": "4cdd2f24c739ae283050c3fa631252b99e107115067a980f5ebc70886932b497"
        },
        "pipfile-spec": 6,
        "requires": {
            "python_version": "3.7"
        },
        "sources": [
            {
                "name": "pypi",
                "url": "https://pypi.org/simple",
                "verify_ssl": true
            }
        ]
    },
    "default": {
        "altgraph": {
            "hashes": [
                "sha256:743628f2ac6a7c26f5d9223c91ed8ecbba535f506f4b6f558885a8a56a105857",
                "sha256:ebf2269361b47d97b3b88e696439f6e4cbc607c17c51feb1754f90fb79839158"
            ],
            "version": "==0.17.2"
        },
        "autopep8": {
            "hashes": [
                "sha256:0f592a0447acea0c2b0a9602be1e4e3d86db52badd2e3c84f0193bfd89fd3a43"
            ],
            "index": "pypi",
            "version": "==1.5"
        },
        "beautifulsoup4": {
            "hashes": [
                "sha256:05fd825eb01c290877657a56df4c6e4c311b3965bda790c613a3d6fb01a5462a",
                "sha256:9fbb4d6e48ecd30bcacc5b63b94088192dcda178513b2ae3c394229f8911b887",
                "sha256:e1505eeed31b0f4ce2dbb3bc8eb256c04cc2b3b72af7d551a4ab6efd5cbe5dae"
            ],
            "index": "pypi",
            "version": "==4.8.2"
        },
        "certifi": {
            "hashes": [
                "sha256:84c85a9078b11105f04f3036a9482ae10e4621616db313fe045dd24743a0820d",
                "sha256:fe86415d55e84719d75f8b69414f6438ac3547d2078ab91b67e779ef69378412"
            ],
            "markers": "python_version >= '3.6'",
            "version": "==2022.6.15"
        },
        "chardet": {
            "hashes": [
                "sha256:84ab92ed1c4d4f16916e05906b6b75a6c0fb5db821cc65e70cbd64a3e2a5eaae",
                "sha256:fc323ffcaeaed0e0a02bf4d117757b98aed530d9ed4531e3e15460124c106691"
            ],
            "version": "==3.0.4"
        },
        "coverage": {
            "hashes": [
                "sha256:15cf13a6896048d6d947bf7d222f36e4809ab926894beb748fc9caa14605d9c3",
                "sha256:1daa3eceed220f9fdb80d5ff950dd95112cd27f70d004c7918ca6dfc6c47054c",
                "sha256:1e44a022500d944d42f94df76727ba3fc0a5c0b672c358b61067abb88caee7a0",
                "sha256:25dbf1110d70bab68a74b4b9d74f30e99b177cde3388e07cc7272f2168bd1477",
                "sha256:3230d1003eec018ad4a472d254991e34241e0bbd513e97a29727c7c2f637bd2a",
                "sha256:3dbb72eaeea5763676a1a1efd9b427a048c97c39ed92e13336e726117d0b72bf",
                "sha256:5012d3b8d5a500834783689a5d2292fe06ec75dc86ee1ccdad04b6f5bf231691",
                "sha256:51bc7710b13a2ae0c726f69756cf7ffd4362f4ac36546e243136187cfcc8aa73",
                "sha256:527b4f316e6bf7755082a783726da20671a0cc388b786a64417780b90565b987",
                "sha256:722e4557c8039aad9592c6a4213db75da08c2cd9945320220634f637251c3894",
                "sha256:76e2057e8ffba5472fd28a3a010431fd9e928885ff480cb278877c6e9943cc2e",
                "sha256:77afca04240c40450c331fa796b3eab6f1e15c5ecf8bf2b8bee9706cd5452fef",
                "sha256:7afad9835e7a651d3551eab18cbc0fdb888f0a6136169fbef0662d9cdc9987cf",
                "sha256:9bea19ac2f08672636350f203db89382121c9c2ade85d945953ef3c8cf9d2a68",
                "sha256:a8b8ac7876bc3598e43e2603f772d2353d9931709345ad6c1149009fd1bc81b8",
                "sha256:b0840b45187699affd4c6588286d429cd79a99d509fe3de0f209594669bb0954",
                "sha256:b26aaf69713e5674efbde4d728fb7124e429c9466aeaf5f4a7e9e699b12c9fe2",
                "sha256:b63dd43f455ba878e5e9f80ba4f748c0a2156dde6e0e6e690310e24d6e8caf40",
                "sha256:be18f4ae5a9e46edae3f329de2191747966a34a3d93046dbdf897319923923bc",
                "sha256:c312e57847db2526bc92b9bfa78266bfbaabac3fdcd751df4d062cd4c23e46dc",
                "sha256:c60097190fe9dc2b329a0eb03393e2e0829156a589bd732e70794c0dd804258e",
                "sha256:c62a2143e1313944bf4a5ab34fd3b4be15367a02e9478b0ce800cb510e3bbb9d",
                "sha256:cc1109f54a14d940b8512ee9f1c3975c181bbb200306c6d8b87d93376538782f",
                "sha256:cd60f507c125ac0ad83f05803063bed27e50fa903b9c2cfee3f8a6867ca600fc",
                "sha256:d513cc3db248e566e07a0da99c230aca3556d9b09ed02f420664e2da97eac301",
                "sha256:d649dc0bcace6fcdb446ae02b98798a856593b19b637c1b9af8edadf2b150bea",
                "sha256:d7008a6796095a79544f4da1ee49418901961c97ca9e9d44904205ff7d6aa8cb",
                "sha256:da93027835164b8223e8e5af2cf902a4c80ed93cb0909417234f4a9df3bcd9af",
                "sha256:e69215621707119c6baf99bda014a45b999d37602cb7043d943c76a59b05bf52",
                "sha256:ea9525e0fef2de9208250d6c5aeeee0138921057cd67fcef90fbed49c4d62d37",
                "sha256:fca1669d464f0c9831fd10be2eef6b86f5ebd76c724d1e0706ebdff86bb4adf0"
            ],
            "index": "pypi",
            "version": "==5.0.3"
        },
        "docutils": {
            "hashes": [
                "sha256:33995a6753c30b7f577febfc2c50411fec6aac7f7ffeb7c4cfe5991072dcf9e6",
                "sha256:5e1de4d849fee02c63b040a4a3fd567f4ab104defd8a5511fbbc24a8a017efbc"
            ],
            "markers": "python_version >= '3.7'",
            "version": "==0.19"
        },
        "entrypoints": {
            "hashes": [
                "sha256:589f874b313739ad35be6e0cd7efde2a4e9b6fea91edcc34e58ecbb8dbe56d19",
                "sha256:c70dd71abe5a8c85e55e12c19bd91ccfeec11a6e99044204511f9ed547d48451"
            ],
            "markers": "python_version >= '2.7'",
            "version": "==0.3"
        },
        "flake8": {
            "hashes": [
                "sha256:45681a117ecc81e870cbf1262835ae4af5e7a8b08e40b944a8a6e6b895914cfb",
                "sha256:49356e766643ad15072a789a20915d3c91dc89fd313ccd71802303fd67e4deca"
            ],
            "index": "pypi",
            "version": "==3.7.9"
        },
        "fuzzywuzzy": {
            "hashes": [
                "sha256:5ac7c0b3f4658d2743aa17da53a55598144edbc5bee3c6863840636e6926f254",
                "sha256:6f49de47db00e1c71d40ad16da42284ac357936fa9b66bea1df63fed07122d62"
            ],
            "index": "pypi",
            "version": "==0.17.0"
        },
        "gitdb": {
            "hashes": [
                "sha256:8033ad4e853066ba6ca92050b9df2f89301b8fc8bf7e9324d412a63f8bf1a8fd",
                "sha256:bac2fd45c0a1c9cf619e63a90d62bdc63892ef92387424b855792a6cabe789aa"
            ],
            "markers": "python_version >= '3.6'",
            "version": "==4.0.9"
        },
        "gitdb2": {
            "hashes": [
                "sha256:0986cb4003de743f2b3aba4c828edd1ab58ce98e1c4a8acf72ef02760d4beb4e",
                "sha256:a1c974e5fab8c2c90192c1367c81cbc54baec04244bda1816e9c8ab377d1cba3"
            ],
            "version": "==4.0.2"
        },
        "gitpython": {
            "hashes": [
                "sha256:9c2398ffc3dcb3c40b27324b316f08a4f93ad646d5a6328cafbb871aa79f5e42",
                "sha256:c155c6a2653593ccb300462f6ef533583a913e17857cfef8fc617c246b6dc245"
            ],
            "index": "pypi",
            "version": "==3.0.5"
        },
        "idna": {
            "hashes": [
                "sha256:c357b3f628cf53ae2c4c05627ecc484553142ca23264e593d327bcde5e9c3407",
                "sha256:ea8b7f6188e6fa117537c3df7da9fc686d485087abf6ac197f9c46432f7e4a3c"
            ],
            "version": "==2.8"
        },
        "kivy": {
            "hashes": [
                "sha256:090d3ded9835a17477cd93fbdaf0a7c42ff2218981cf198ded5ad8795bc74391",
                "sha256:11e85eaf6efbfa2362a3334ffdad179a1b0ca8d255cca79eaa6a2765560d4982",
                "sha256:1a1ff32f8a95f1e175198cbab81fcd2596783b180d4eafe63e87d171aa7fdb5e",
                "sha256:1d28b198a64c30db8d94a0488e85f3037af60d514ab0d7ad5ab45add3ab77090",
                "sha256:4a5480cbf837d3780c77a4f61b32b56d22ae9f03845e7a89dd3eaef1ae5fd037",
                "sha256:4d0e596f74271e901b551f77661dde238df4765484fce9f5d1c72e8022984e84",
                "sha256:5c3d0f2749522d62e9cce09cd54b2d823bf1b6b644ff1f627be49de6f3e3cba0",
                "sha256:815a5c0b3b72fcd81ca7b2aa0744087163ed03e4cf9ab4e7c9733cea99fc1571",
                "sha256:8819a27a09871af451760cb69486ced52e830c8a0a37480f22ef5e692f12c05b",
                "sha256:a687602d90c4629dd036f577ca39acb76ba581370f9d915f3cab99be818ba8ad",
                "sha256:b7ef6aad43a86d8df3fb865db864e354f2155a748019f8517f69f65c1a29cb64",
                "sha256:b85ccf165050cbf2ee8447671eebbc222b369b40f0e0038dd9547d49a5e37373",
                "sha256:c36652caa7f6c327dee834cfc699d5962d346b7a53e54bd81abc17c314226d89",
                "sha256:ece170514db3f49844a41e4c910ad9ce9bc46da6f47a49158e11266bdcc6e479",
                "sha256:f3bea6e4a21991827885d04127fc6d09a0e974ecfa12da7bf5faae93562ea102",
                "sha256:f835462dd9aa491272552ef079b948a088598e2e95d68bb1d885d2c3f3d4e2c3"
            ],
            "index": "pypi",
            "version": "==1.11.1"
        },
        "kivy-garden": {
            "hashes": [
                "sha256:2b8377378e87501d5d271f33d94f0e44c089884572c64f89c9d609b1f86a2748",
                "sha256:ef50f44b96358cf10ac5665f27a4751bb34ef54051c54b93af891f80afe42929"
            ],
            "version": "==0.1.5"
        },
        "mccabe": {
            "hashes": [
                "sha256:ab8a6258860da4b6677da4bd2fe5dc2c659cff31b3ee4f7f5d64e79735b80d42",
                "sha256:dd8d182285a0fe56bace7f45b5e7d1a6ebcbf524e8f3bd87eb0f125271b8831f"
            ],
            "version": "==0.6.1"
        },
        "pycodestyle": {
            "hashes": [
                "sha256:95a2219d12372f05704562a14ec30bc76b05a5b297b21a5dfe3f6fac3491ae56",
                "sha256:e40a936c9a450ad81df37f549d676d127b1b66000a6c500caa2b085bc0ca976c"
            ],
            "markers": "python_version >= '2.7' and python_version not in '3.0, 3.1, 3.2, 3.3'",
            "version": "==2.5.0"
        },
        "pyflakes": {
            "hashes": [
                "sha256:17dbeb2e3f4d772725c777fabc446d5634d1038f234e77343108ce445ea69ce0",
                "sha256:d976835886f8c5b31d47970ed689944a0262b5f3afa00a5a7b4dc81e5449f8a2"
            ],
            "markers": "python_version >= '2.7' and python_version not in '3.0, 3.1, 3.2, 3.3'",
            "version": "==2.1.1"
        },
        "pygments": {
            "hashes": [
                "sha256:5eb116118f9612ff1ee89ac96437bb6b49e8f04d8a13b514ba26f620208e26eb",
                "sha256:dc9c10fb40944260f6ed4c688ece0cd2048414940f1cea51b8b226318411c519"
            ],
            "markers": "python_version >= '3.6'",
            "version": "==2.12.0"
        },
        "pyinstaller": {
            "hashes": [
                "sha256:3730fa80d088f8bb7084d32480eb87cbb4ddb64123363763cf8f2a1378c1c4b7"
            ],
            "index": "pypi",
            "version": "==3.6"
        },
        "pyperclip": {
            "hashes": [
                "sha256:979325468ccf682104d5dcaf753f869868100631301d3e72f47babdea5700d1c"
            ],
            "index": "pypi",
            "version": "==1.7.0"
        },
        "python-levenshtein": {
            "hashes": [
                "sha256:033a11de5e3d19ea25c9302d11224e1a1898fe5abd23c61c7c360c25195e3eb1"
            ],
            "index": "pypi",
            "version": "==0.12.0"
        },
        "pyttsx3": {
            "hashes": [
                "sha256:f127e5f284dee53b0af1e8333fa0b874635ceff145db2dbf6ddd4d8ebbc73a3f"
            ],
            "index": "pypi",
            "version": "==2.81"
        },
        "requests": {
            "hashes": [
                "sha256:11e007a8a2aa0323f5a921e9e6a2d7e4e67d9877e85773fba9ba6419025cbeb4",
                "sha256:9cf5292fcd0f598c671cfc1e0d7d1a7f13bb8085e9a590f48c010551dc6c4b31"
            ],
            "index": "pypi",
            "version": "==2.22.0"
        },
        "setuptools": {
            "hashes": [
                "sha256:16923d366ced322712c71ccb97164d07472abeecd13f3a6c283f6d5d26722793",
                "sha256:db3b8e2f922b2a910a29804776c643ea609badb6a32c4bcc226fd4fd902cce65"
            ],
            "markers": "python_version >= '3.7'",
            "version": "==63.1.0"
        },
        "smmap": {
            "hashes": [
                "sha256:2aba19d6a040e78d8b09de5c57e96207b09ed71d8e55ce0959eeee6c8e190d94",
                "sha256:c840e62059cd3be204b0c9c9f74be2c09d5648eddd4580d9314c3ecde0b30936"
            ],
            "markers": "python_version >= '3.6'",
            "version": "==5.0.0"
        },
        "soupsieve": {
            "hashes": [
                "sha256:3b2503d3c7084a42b1ebd08116e5f81aadfaea95863628c80a3b774a11b7c759",
                "sha256:fc53893b3da2c33de295667a0e19f078c14bf86544af307354de5fcf12a3f30d"
            ],
            "markers": "python_version >= '3.6'",
            "version": "==2.3.2.post1"
        },
        "tinydb": {
            "hashes": [
                "sha256:1087ade5300c47dbf9539d9f6dafd53115bd5e85a67d480d8188bdbfa2d9eaf4",
                "sha256:f273d9b6d8b1b5e1d094a6eb8b72851b39b81099293344132c73332b60e3b893"
            ],
            "index": "pypi",
            "version": "==3.15.2"
        },
        "ujson": {
            "hashes": [
                "sha256:025758cf6561af6986d77cd4af9367ab56dde5c7c50f13f59e6964b4b25df73e",
                "sha256:0551c1ba0bc9e05b69d9c18266dbc93252b5fa3cd9940051bc88a0dd33607b19",
                "sha256:05e411627e5d6ee773232960ca7307e66017f78e3fa74f7e95c3a8cc5cb05415",
                "sha256:0b46aee21e5d75426c4058dfdb42f7e7b1d130c664ee5027a8dbbc50872dc32b",
                "sha256:0bcde3135265ecdd5714a7de4fdc167925390d7b17ca325e59980f4114c962b8",
                "sha256:1120c8263f7d85e89533a2b46d80cc6def15114772010ede4d197739e111dba6",
                "sha256:13297a7d501f9c8c53e409d4fa57cc574e4fbfbe8807ef2c4c7ce2e3ec933a85",
                "sha256:191f88d5865740497b9827ef9b7c12f37a79872ac984e09f0901a10024019380",
                "sha256:1a2e645325f844f9c890c9d956fc2d35ca91f38c857278238ef6516c2f99cf7c",
                "sha256:2974b17bc522ef86d98b498959d82f03c02e07d9eb08746026415298f4a4bca3",
                "sha256:2d98248f1df1e1aab67e0374ab98945dd36bc1764753d71fd8aea5f296360b76",
                "sha256:31bdb6d771d5ef6d37134b42211500bfe176c55d399f3317e569783dc42ed38e",
                "sha256:3212847d3885bfd4f5fd56cdc37645a8f8e8a80d6cb569505da22fd9eb0e1a02",
                "sha256:326a96324ed9215b0bc9f1a5af324fb33900b6b0901516bcc421475d6596de0d",
                "sha256:381c97d326d1ec569d318cc0ae83940ea2df125ede1000871680fefd5b7fdea9",
                "sha256:39bb702ca1612253b5e4b6004e0f20208c98a446606aa351f9a7ba5ceaff0eb8",
                "sha256:3a0707f381f97e1287c0dbf94d95bd6c0bbf6e4eeeaa656f0076b7883010c818",
                "sha256:400e4ca8a59f71398e8fa56c4d2d6f535e2a121ddb57284ec15752ffce2dd63a",
                "sha256:422653083c6df6cec17fdb5d6106c209aad9b0c94131c53b073980403db22167",
                "sha256:511aa641a5b91d19280183b134fb6c473039d4dd82e987ac810cffba783521ac",
                "sha256:5df8b6369ee5ee2685fcc917f6c46b34e599c6e9a512fada6dfd752b909fa06a",
                "sha256:67f4e2fa81e1d99c01e7b1978ab0cbf3c9a8b663f683a709f87baad110d5b940",
                "sha256:68c7f753aec490c6566fd3cd301887c413ac3a588316e446f30a4134ac665668",
                "sha256:6a20f2f6e8818c1ab89dd4be6bbad3fc2ddb15287f89e7ea35f3eb849afebbd9",
                "sha256:6b953e09441e307504130755e5bd6b15850178d591f66292bba4608c4f7f9b00",
                "sha256:754f422aba8db8201a1073f25e2f732effc6471f8755708b16e6ebf19dd23634",
                "sha256:784dbd12925845a3f0757a956447e2fd31418abb5aeaebf3aca1203195f16fd1",
                "sha256:7d4c9ccd30e621e714ec24ca911ad8873567dc1ac1e5e914405ea9dd16b9d40c",
                "sha256:7e12272361e9722777c83b3f5b0bb91d402531f36e80c6e5fafb6acb89e897e3",
                "sha256:8cce79ce47c37132373fbdf55b683883c262a3a60763130e080b8394c1201d32",
                "sha256:8cd6117e33233f2de6bc896eea6a5a59b58a37db08f371157264e0ec5e51c76a",
                "sha256:8d472efa9c92e1b2933a22d2f1dbd5237087997136b24ac2b913bf4e8be03135",
                "sha256:91edcf9978ee401119e9c8589376ae37fd3e6e75ee365c49385cb005eaff1535",
                "sha256:9ae1d0094ce730e39e09656bc14074d9573cdd80adec1a55b06d8bf1f9613a01",
                "sha256:aa00b746138835271653b0c3da171d2a8b510c579381f71e8b8e03484d50d825",
                "sha256:aaa77af91df3f71858a1f792c74d3f2d3abf3875f93ab1a2b9a24b3797743b02",
                "sha256:b045ca5497a950cc3492840adb3bcb3b9e305ed6599ed14c6aeaa08011aa463f",
                "sha256:b40a3757a563ef77c3f2f9ea1732c2924e8b3b2bda3fa89513f949472ad40b6e",
                "sha256:baa76a6f707a6d22437fe9c7ec9719672fb04d4d9435a3e80ee9b1aaeb2089d9",
                "sha256:cec010d318a0238b1333ea9f40d5603d374cc026c29c4471e2661712c6682da1",
                "sha256:dd0d4ec694cab8a0a4d85f45f81ae0065465c4670f0db72ba48d6c4e7ae42834",
                "sha256:e2a9ddb5c6d1427056b8d62a1a172a18ae522b14d9ba5996b8281b09cba87edd",
                "sha256:e844be0831042aa91e847e5ab03bddd1089ab1a8dd0a1bf90411abf864f058b2",
                "sha256:e91947fda8354ea7faf698b084ebcdbabd239e7b15d8436fb74394f59a207ac9",
                "sha256:ea7fbc540bc04d5b05e5cd54e60ee8745ac665eedf2bad2ba9d12d5c7a7b7d2e",
                "sha256:ee29cf5cfc1e841708297633e1ce749aa851fb96830bbe51f2e5940741ff2441",
                "sha256:ef985eb2770900a485431910bd3f333b56d1a34b65f8c26a6ed8e8adf55f98d9",
                "sha256:f5c547d49a7e9d3f231e9323171bbbbcef63173fb007a2787cd4f05ac6269315",
                "sha256:fbea46c0fbc1c3bc8f957afd8dbb25b4ea3a356e18ee6dd79ace6cf32bd4cff7",
                "sha256:fd82932aaa224abd7d01e823b77aef9970f5ac1695027331d99e7f5fda9d37f5"
            ],
            "index": "pypi",
            "version": "==5.4.0"
        },
        "urllib3": {
            "hashes": [
                "sha256:8d7eaa5a82a1cac232164990f04874c594c9453ec55eef02eab885aa02fc17a2",
                "sha256:f5321fbe4bf3fefa0efd0bfe7fb14e90909eb62a48ccda331726b4319897dd5e"
            ],
            "markers": "python_version >= '2.7' and python_version not in '3.0, 3.1, 3.2, 3.3, 3.4' and python_version < '4'",
            "version": "==1.25.11"
        }
    },
    "develop": {}
}
